
Microsoft Visual Studio Solution File, Format Version 12.00
# Visual Studio 14
VisualStudioVersion = 14.0.25420.1
MinimumVisualStudioVersion = 10.0.40219.1
Project("{2150E333-8FDC-42A3-9474-1A3956D46DE8}") = "src", "src", "{3F7DA677-4F69-4FAC-9072-11CB25EA1E95}"
EndProject
Project("{2150E333-8FDC-42A3-9474-1A3956D46DE8}") = "Solution Items", "Solution Items", "{F8CF91F0-4600-4541-8A98-961D868F03BD}"
	ProjectSection(SolutionItems) = preProject
		global.json = global.json
	EndProjectSection
EndProject
Project("{8BB2217D-0F2D-49D1-97BC-3654ED321F3B}") = "Shopping.WebApi", "src\Shopping.WebApi\Shopping.WebApi.xproj", "{5BF582A4-FE3F-4479-9FD6-08C29498E198}"
EndProject
Project("{8BB2217D-0F2D-49D1-97BC-3654ED321F3B}") = "Shopping.DataAccess", "src\Shopping.DataAccess\Shopping.DataAccess.xproj", "{2BB5AB2D-FC8B-430A-8BB9-1696131D038E}"
EndProject
Project("{8BB2217D-0F2D-49D1-97BC-3654ED321F3B}") = "Shopping.Common", "src\Shopping.Common\Shopping.Common.xproj", "{D3FD61B3-104D-48C0-9742-404A6448347B}"
EndProject
Project("{8BB2217D-0F2D-49D1-97BC-3654ED321F3B}") = "Shopping.Services", "src\Shopping.Services\Shopping.Services.xproj", "{60FFA3E1-6E90-419D-89CA-AD7960510A2E}"
EndProject
Project("{8BB2217D-0F2D-49D1-97BC-3654ED321F3B}") = "Shopping.External", "src\Shopping.External\Shopping.External.xproj", "{A481EDE1-041C-448C-9AA2-760BF832DE8E}"
EndProject
Project("{8BB2217D-0F2D-49D1-97BC-3654ED321F3B}") = "Shopping.DataObjects", "src\Shopping.DataObjects\Shopping.DataObjects.xproj", "{FCEB3B2A-53C0-4BAE-9FF3-DEF2B67F668D}"
EndProject
Global
	GlobalSection(SolutionConfigurationPlatforms) = preSolution
		Debug|Any CPU = Debug|Any CPU
		Release|Any CPU = Release|Any CPU
	EndGlobalSection
	GlobalSection(ProjectConfigurationPlatforms) = postSolution
		{5BF582A4-FE3F-4479-9FD6-08C29498E198}.Debug|Any CPU.ActiveCfg = Debug|Any CPU
		{5BF582A4-FE3F-4479-9FD6-08C29498E198}.Debug|Any CPU.Build.0 = Debug|Any CPU
		{5BF582A4-FE3F-4479-9FD6-08C29498E198}.Release|Any CPU.ActiveCfg = Release|Any CPU
		{5BF582A4-FE3F-4479-9FD6-08C29498E198}.Release|Any CPU.Build.0 = Release|Any CPU
		{2BB5AB2D-FC8B-430A-8BB9-1696131D038E}.Debug|Any CPU.ActiveCfg = Debug|Any CPU
		{2BB5AB2D-FC8B-430A-8BB9-1696131D038E}.Debug|Any CPU.Build.0 = Debug|Any CPU
		{2BB5AB2D-FC8B-430A-8BB9-1696131D038E}.Release|Any CPU.ActiveCfg = Release|Any CPU
		{2BB5AB2D-FC8B-430A-8BB9-1696131D038E}.Release|Any CPU.Build.0 = Release|Any CPU
		{D3FD61B3-104D-48C0-9742-404A6448347B}.Debug|Any CPU.ActiveCfg = Debug|Any CPU
		{D3FD61B3-104D-48C0-9742-404A6448347B}.Debug|Any CPU.Build.0 = Debug|Any CPU
		{D3FD61B3-104D-48C0-9742-404A6448347B}.Release|Any CPU.ActiveCfg = Release|Any CPU
		{D3FD61B3-104D-48C0-9742-404A6448347B}.Release|Any CPU.Build.0 = Release|Any CPU
		{60FFA3E1-6E90-419D-89CA-AD7960510A2E}.Debug|Any CPU.ActiveCfg = Debug|Any CPU
		{60FFA3E1-6E90-419D-89CA-AD7960510A2E}.Debug|Any CPU.Build.0 = Debug|Any CPU
		{60FFA3E1-6E90-419D-89CA-AD7960510A2E}.Release|Any CPU.ActiveCfg = Release|Any CPU
		{60FFA3E1-6E90-419D-89CA-AD7960510A2E}.Release|Any CPU.Build.0 = Release|Any CPU
		{A481EDE1-041C-448C-9AA2-760BF832DE8E}.Debug|Any CPU.ActiveCfg = Debug|Any CPU
		{A481EDE1-041C-448C-9AA2-760BF832DE8E}.Debug|Any CPU.Build.0 = Debug|Any CPU
		{A481EDE1-041C-448C-9AA2-760BF832DE8E}.Release|Any CPU.ActiveCfg = Release|Any CPU
		{A481EDE1-041C-448C-9AA2-760BF832DE8E}.Release|Any CPU.Build.0 = Release|Any CPU
		{FCEB3B2A-53C0-4BAE-9FF3-DEF2B67F668D}.Debug|Any CPU.ActiveCfg = Debug|Any CPU
		{FCEB3B2A-53C0-4BAE-9FF3-DEF2B67F668D}.Debug|Any CPU.Build.0 = Debug|Any CPU
		{FCEB3B2A-53C0-4BAE-9FF3-DEF2B67F668D}.Release|Any CPU.ActiveCfg = Release|Any CPU
		{FCEB3B2A-53C0-4BAE-9FF3-DEF2B67F668D}.Release|Any CPU.Build.0 = Release|Any CPU
	EndGlobalSection
	GlobalSection(SolutionProperties) = preSolution
		HideSolutionNode = FALSE
	EndGlobalSection
	GlobalSection(NestedProjects) = preSolution
		{5BF582A4-FE3F-4479-9FD6-08C29498E198} = {3F7DA677-4F69-4FAC-9072-11CB25EA1E95}
		{2BB5AB2D-FC8B-430A-8BB9-1696131D038E} = {3F7DA677-4F69-4FAC-9072-11CB25EA1E95}
		{D3FD61B3-104D-48C0-9742-404A6448347B} = {3F7DA677-4F69-4FAC-9072-11CB25EA1E95}
		{60FFA3E1-6E90-419D-89CA-AD7960510A2E} = {3F7DA677-4F69-4FAC-9072-11CB25EA1E95}
		{A481EDE1-041C-448C-9AA2-760BF832DE8E} = {3F7DA677-4F69-4FAC-9072-11CB25EA1E95}
		{FCEB3B2A-53C0-4BAE-9FF3-DEF2B67F668D} = {3F7DA677-4F69-4FAC-9072-11CB25EA1E95}
	EndGlobalSection
EndGlobal
